
Microsoft Visual Studio Solution File, Format Version 12.00
# Visual Studio 15
VisualStudioVersion = 15.0.27130.2024
MinimumVisualStudioVersion = 10.0.40219.1
Project("{A07B5EB6-E848-4116-A8D0-A826331D98C6}") = "Renting.Master.SF", "TemplateSF\Renting.Master.SF.sfproj", "{3665428C-AACE-4F54-9CFA-25E6A4AA0975}"
EndProject
Project("{9A19103F-16F7-4668-BE54-9A1E7A4F7556}") = "Renting.Master.Api", "Renting.Master.Api\Renting.Master.Api.csproj", "{65CEA799-ECDC-404F-ACCC-3ED24A16988F}"
EndProject
Project("{9A19103F-16F7-4668-BE54-9A1E7A4F7556}") = "Renting.Master.Core", "Renting,Master.Core\Renting.Master.Core.csproj", "{48226FF6-CF7B-4513-93C2-5DAF1D94BCDD}"
EndProject
Project("{FAE04EC0-301F-11D3-BF4B-00C04F79EFBC}") = "Renting.Master.MessageProcessor", "Renting.Master.MessageProcessor\Renting.Master.MessageProcessor.csproj", "{CCAE9A0E-5A16-4FB4-964A-BCCF75D8AF73}"
EndProject
Project("{9A19103F-16F7-4668-BE54-9A1E7A4F7556}") = "Renting.Master.Domain", "Renting.Master.Domain\Renting.Master.Domain.csproj", "{B8C7BA2C-0122-4FCF-AF82-6B8D530D4E8B}"
EndProject
Project("{9A19103F-16F7-4668-BE54-9A1E7A4F7556}") = "Renting.Master.Core.Test", "Test\Renting.Master.Core.Test.csproj", "{5598BD93-ACC5-4EC3-A9B9-6AAEA282DD7D}"
EndProject
Global
	GlobalSection(SolutionConfigurationPlatforms) = preSolution
		Debug|Any CPU = Debug|Any CPU
		Debug|x64 = Debug|x64
		Release|Any CPU = Release|Any CPU
		Release|x64 = Release|x64
	EndGlobalSection
	GlobalSection(ProjectConfigurationPlatforms) = postSolution
		{3665428C-AACE-4F54-9CFA-25E6A4AA0975}.Debug|Any CPU.ActiveCfg = Debug|x64
		{3665428C-AACE-4F54-9CFA-25E6A4AA0975}.Debug|x64.ActiveCfg = Debug|x64
		{3665428C-AACE-4F54-9CFA-25E6A4AA0975}.Debug|x64.Build.0 = Debug|x64
		{3665428C-AACE-4F54-9CFA-25E6A4AA0975}.Debug|x64.Deploy.0 = Debug|x64
		{3665428C-AACE-4F54-9CFA-25E6A4AA0975}.Release|Any CPU.ActiveCfg = Release|x64
		{3665428C-AACE-4F54-9CFA-25E6A4AA0975}.Release|x64.ActiveCfg = Release|x64
		{3665428C-AACE-4F54-9CFA-25E6A4AA0975}.Release|x64.Build.0 = Release|x64
		{3665428C-AACE-4F54-9CFA-25E6A4AA0975}.Release|x64.Deploy.0 = Release|x64
		{65CEA799-ECDC-404F-ACCC-3ED24A16988F}.Debug|Any CPU.ActiveCfg = Debug|Any CPU
		{65CEA799-ECDC-404F-ACCC-3ED24A16988F}.Debug|Any CPU.Build.0 = Debug|Any CPU
		{65CEA799-ECDC-404F-ACCC-3ED24A16988F}.Debug|x64.ActiveCfg = Debug|Any CPU
		{65CEA799-ECDC-404F-ACCC-3ED24A16988F}.Debug|x64.Build.0 = Debug|Any CPU
		{65CEA799-ECDC-404F-ACCC-3ED24A16988F}.Release|Any CPU.ActiveCfg = Release|Any CPU
		{65CEA799-ECDC-404F-ACCC-3ED24A16988F}.Release|Any CPU.Build.0 = Release|Any CPU
		{65CEA799-ECDC-404F-ACCC-3ED24A16988F}.Release|x64.ActiveCfg = Release|Any CPU
		{65CEA799-ECDC-404F-ACCC-3ED24A16988F}.Release|x64.Build.0 = Release|Any CPU
		{48226FF6-CF7B-4513-93C2-5DAF1D94BCDD}.Debug|Any CPU.ActiveCfg = Debug|Any CPU
		{48226FF6-CF7B-4513-93C2-5DAF1D94BCDD}.Debug|Any CPU.Build.0 = Debug|Any CPU
		{48226FF6-CF7B-4513-93C2-5DAF1D94BCDD}.Debug|x64.ActiveCfg = Debug|Any CPU
		{48226FF6-CF7B-4513-93C2-5DAF1D94BCDD}.Debug|x64.Build.0 = Debug|Any CPU
		{48226FF6-CF7B-4513-93C2-5DAF1D94BCDD}.Release|Any CPU.ActiveCfg = Release|Any CPU
		{48226FF6-CF7B-4513-93C2-5DAF1D94BCDD}.Release|Any CPU.Build.0 = Release|Any CPU
		{48226FF6-CF7B-4513-93C2-5DAF1D94BCDD}.Release|x64.ActiveCfg = Release|Any CPU
		{48226FF6-CF7B-4513-93C2-5DAF1D94BCDD}.Release|x64.Build.0 = Release|Any CPU
		{CCAE9A0E-5A16-4FB4-964A-BCCF75D8AF73}.Debug|Any CPU.ActiveCfg = Debug|Any CPU
		{CCAE9A0E-5A16-4FB4-964A-BCCF75D8AF73}.Debug|Any CPU.Build.0 = Debug|Any CPU
		{CCAE9A0E-5A16-4FB4-964A-BCCF75D8AF73}.Debug|x64.ActiveCfg = Debug|Any CPU
		{CCAE9A0E-5A16-4FB4-964A-BCCF75D8AF73}.Debug|x64.Build.0 = Debug|Any CPU
		{CCAE9A0E-5A16-4FB4-964A-BCCF75D8AF73}.Release|Any CPU.ActiveCfg = Release|Any CPU
		{CCAE9A0E-5A16-4FB4-964A-BCCF75D8AF73}.Release|Any CPU.Build.0 = Release|Any CPU
		{CCAE9A0E-5A16-4FB4-964A-BCCF75D8AF73}.Release|x64.ActiveCfg = Release|Any CPU
		{CCAE9A0E-5A16-4FB4-964A-BCCF75D8AF73}.Release|x64.Build.0 = Release|Any CPU
		{B8C7BA2C-0122-4FCF-AF82-6B8D530D4E8B}.Debug|Any CPU.ActiveCfg = Debug|Any CPU
		{B8C7BA2C-0122-4FCF-AF82-6B8D530D4E8B}.Debug|Any CPU.Build.0 = Debug|Any CPU
		{B8C7BA2C-0122-4FCF-AF82-6B8D530D4E8B}.Debug|x64.ActiveCfg = Debug|Any CPU
		{B8C7BA2C-0122-4FCF-AF82-6B8D530D4E8B}.Debug|x64.Build.0 = Debug|Any CPU
		{B8C7BA2C-0122-4FCF-AF82-6B8D530D4E8B}.Release|Any CPU.ActiveCfg = Release|Any CPU
		{B8C7BA2C-0122-4FCF-AF82-6B8D530D4E8B}.Release|Any CPU.Build.0 = Release|Any CPU
		{B8C7BA2C-0122-4FCF-AF82-6B8D530D4E8B}.Release|x64.ActiveCfg = Release|Any CPU
		{B8C7BA2C-0122-4FCF-AF82-6B8D530D4E8B}.Release|x64.Build.0 = Release|Any CPU
		{5598BD93-ACC5-4EC3-A9B9-6AAEA282DD7D}.Debug|Any CPU.ActiveCfg = Debug|Any CPU
		{5598BD93-ACC5-4EC3-A9B9-6AAEA282DD7D}.Debug|Any CPU.Build.0 = Debug|Any CPU
		{5598BD93-ACC5-4EC3-A9B9-6AAEA282DD7D}.Debug|x64.ActiveCfg = Debug|Any CPU
		{5598BD93-ACC5-4EC3-A9B9-6AAEA282DD7D}.Debug|x64.Build.0 = Debug|Any CPU
		{5598BD93-ACC5-4EC3-A9B9-6AAEA282DD7D}.Release|Any CPU.ActiveCfg = Release|Any CPU
		{5598BD93-ACC5-4EC3-A9B9-6AAEA282DD7D}.Release|Any CPU.Build.0 = Release|Any CPU
		{5598BD93-ACC5-4EC3-A9B9-6AAEA282DD7D}.Release|x64.ActiveCfg = Release|Any CPU
		{5598BD93-ACC5-4EC3-A9B9-6AAEA282DD7D}.Release|x64.Build.0 = Release|Any CPU
	EndGlobalSection
	GlobalSection(SolutionProperties) = preSolution
		HideSolutionNode = FALSE
	EndGlobalSection
	GlobalSection(ExtensibilityGlobals) = postSolution
		SolutionGuid = {277D4097-779A-4E58-9C27-D106A8616BA3}
	EndGlobalSection
EndGlobal
